// !$*UTF8*$!
{
	archiveVersion = 1;
	classes = {
	};
	objectVersion = 50;
	objects = {

/* Begin PBXBuildFile section */
		21C873422295430800050FCA /* AppDelegate.swift in Sources */ = {isa = PBXBuildFile; fileRef = 21C873412295430800050FCA /* AppDelegate.swift */; };
		21C873442295430800050FCA /* ViewController.swift in Sources */ = {isa = PBXBuildFile; fileRef = 21C873432295430800050FCA /* ViewController.swift */; };
		21C873472295430800050FCA /* Main.storyboard in Resources */ = {isa = PBXBuildFile; fileRef = 21C873452295430800050FCA /* Main.storyboard */; };
		21C873492295430900050FCA /* Assets.xcassets in Resources */ = {isa = PBXBuildFile; fileRef = 21C873482295430900050FCA /* Assets.xcassets */; };
		21C8734C2295430900050FCA /* LaunchScreen.storyboard in Resources */ = {isa = PBXBuildFile; fileRef = 21C8734A2295430900050FCA /* LaunchScreen.storyboard */; };
		21C873572295430900050FCA /* MyProject1Tests.swift in Sources */ = {isa = PBXBuildFile; fileRef = 21C873562295430900050FCA /* MyProject1Tests.swift */; };
		21C873622295430900050FCA /* MyProject1UITests.swift in Sources */ = {isa = PBXBuildFile; fileRef = 21C873612295430900050FCA /* MyProject1UITests.swift */; };
/* End PBXBuildFile section */

/* Begin PBXContainerItemProxy section */
		21C873532295430900050FCA /* PBXContainerItemProxy */ = {
			isa = PBXContainerItemProxy;
			containerPortal = 21C873362295430800050FCA /* Project object */;
			proxyType = 1;
			remoteGlobalIDString = 21C8733D2295430800050FCA;
			remoteInfo = MyProject1;
		};
		21C8735E2295430900050FCA /* PBXContainerItemProxy */ = {
			isa = PBXContainerItemProxy;
			containerPortal = 21C873362295430800050FCA /* Project object */;
			proxyType = 1;
			remoteGlobalIDString = 21C8733D2295430800050FCA;
			remoteInfo = MyProject1;
		};
/* End PBXContainerItemProxy section */

/* Begin PBXFileReference section */
		21C8733E2295430800050FCA /* MyProject1.app */ = {isa = PBXFileReference; explicitFileType = wrapper.application; includeInIndex = 0; path = MyProject1.app; sourceTree = BUILT_PRODUCTS_DIR; };
		21C873412295430800050FCA /* AppDelegate.swift */ = {isa = PBXFileReference; lastKnownFileType = sourcecode.swift; path = AppDelegate.swift; sourceTree = "<group>"; };
		21C873432295430800050FCA /* ViewController.swift */ = {isa = PBXFileReference; lastKnownFileType = sourcecode.swift; path = ViewController.swift; sourceTree = "<group>"; };
		21C873462295430800050FCA /* Base */ = {isa = PBXFileReference; lastKnownFileType = file.storyboard; name = Base; path = Base.lproj/Main.storyboard; sourceTree = "<group>"; };
		21C873482295430900050FCA /* Assets.xcassets */ = {isa = PBXFileReference; lastKnownFileType = folder.assetcatalog; path = Assets.xcassets; sourceTree = "<group>"; };
		21C8734B2295430900050FCA /* Base */ = {isa = PBXFileReference; lastKnownFileType = file.storyboard; name = Base; path = Base.lproj/LaunchScreen.storyboard; sourceTree = "<group>"; };
		21C8734D2295430900050FCA /* Info.plist */ = {isa = PBXFileReference; lastKnownFileType = text.plist.xml; path = Info.plist; sourceTree = "<group>"; };
		21C873522295430900050FCA /* MyProject1Tests.xctest */ = {isa = PBXFileReference; explicitFileType = wrapper.cfbundle; includeInIndex = 0; path = MyProject1Tests.xctest; sourceTree = BUILT_PRODUCTS_DIR; };
		21C873562295430900050FCA /* MyProject1Tests.swift */ = {isa = PBXFileReference; lastKnownFileType = sourcecode.swift; path = MyProject1Tests.swift; sourceTree = "<group>"; };
		21C873582295430900050FCA /* Info.plist */ = {isa = PBXFileReference; lastKnownFileType = text.plist.xml; path = Info.plist; sourceTree = "<group>"; };
		21C8735D2295430900050FCA /* MyProject1UITests.xctest */ = {isa = PBXFileReference; explicitFileType = wrapper.cfbundle; includeInIndex = 0; path = MyProject1UITests.xctest; sourceTree = BUILT_PRODUCTS_DIR; };
		21C873612295430900050FCA /* MyProject1UITests.swift */ = {isa = PBXFileReference; lastKnownFileType = sourcecode.swift; path = MyProject1UITests.swift; sourceTree = "<group>"; };
		21C873632295430900050FCA /* Info.plist */ = {isa = PBXFileReference; lastKnownFileType = text.plist.xml; path = Info.plist; sourceTree = "<group>"; };
/* End PBXFileReference section */

/* Begin PBXFrameworksBuildPhase section */
		21C8733B2295430800050FCA /* Frameworks */ = {
			isa = PBXFrameworksBuildPhase;
			buildActionMask = 2147483647;
			files = (
			);
			runOnlyForDeploymentPostprocessing = 0;
		};
		21C8734F2295430900050FCA /* Frameworks */ = {
			isa = PBXFrameworksBuildPhase;
			buildActionMask = 2147483647;
			files = (
			);
			runOnlyForDeploymentPostprocessing = 0;
		};
		21C8735A2295430900050FCA /* Frameworks */ = {
			isa = PBXFrameworksBuildPhase;
			buildActionMask = 2147483647;
			files = (
			);
			runOnlyForDeploymentPostprocessing = 0;
		};
/* End PBXFrameworksBuildPhase section */

/* Begin PBXGroup section */
		21C873352295430800050FCA = {
			isa = PBXGroup;
			children = (
				21C873402295430800050FCA /* MyProject1 */,
				21C873552295430900050FCA /* MyProject1Tests */,
				21C873602295430900050FCA /* MyProject1UITests */,
				21C8733F2295430800050FCA /* Products */,
			);
			sourceTree = "<group>";
		};
		21C8733F2295430800050FCA /* Products */ = {
			isa = PBXGroup;
			children = (
				21C8733E2295430800050FCA /* MyProject1.app */,
				21C873522295430900050FCA /* MyProject1Tests.xctest */,
				21C8735D2295430900050FCA /* MyProject1UITests.xctest */,
			);
			name = Products;
			sourceTree = "<group>";
		};
		21C873402295430800050FCA /* MyProject1 */ = {
			isa = PBXGroup;
			children = (
				21C873412295430800050FCA /* AppDelegate.swift */,
				21C873432295430800050FCA /* ViewController.swift */,
				21C873452295430800050FCA /* Main.storyboard */,
				21C873482295430900050FCA /* Assets.xcassets */,
				21C8734A2295430900050FCA /* LaunchScreen.storyboard */,
				21C8734D2295430900050FCA /* Info.plist */,
			);
			path = MyProject1;
			sourceTree = "<group>";
		};
		21C873552295430900050FCA /* MyProject1Tests */ = {
			isa = PBXGroup;
			children = (
				21C873562295430900050FCA /* MyProject1Tests.swift */,
				21C873582295430900050FCA /* Info.plist */,
			);
			path = MyProject1Tests;
			sourceTree = "<group>";
		};
		21C873602295430900050FCA /* MyProject1UITests */ = {
			isa = PBXGroup;
			children = (
				21C873612295430900050FCA /* MyProject1UITests.swift */,
				21C873632295430900050FCA /* Info.plist */,
			);
			path = MyProject1UITests;
			sourceTree = "<group>";
		};
/* End PBXGroup section */

/* Begin PBXNativeTarget section */
		21C8733D2295430800050FCA /* MyProject1 */ = {
			isa = PBXNativeTarget;
			buildConfigurationList = 21C873662295430900050FCA /* Build configuration list for PBXNativeTarget "MyProject1" */;
			buildPhases = (
				21C8733A2295430800050FCA /* Sources */,
				21C8733B2295430800050FCA /* Frameworks */,
				21C8733C2295430800050FCA /* Resources */,
			);
			buildRules = (
			);
			dependencies = (
			);
			name = MyProject1;
			productName = MyProject1;
			productReference = 21C8733E2295430800050FCA /* MyProject1.app */;
			productType = "com.apple.product-type.application";
		};
		21C873512295430900050FCA /* MyProject1Tests */ = {
			isa = PBXNativeTarget;
			buildConfigurationList = 21C873692295430900050FCA /* Build configuration list for PBXNativeTarget "MyProject1Tests" */;
			buildPhases = (
				21C8734E2295430900050FCA /* Sources */,
				21C8734F2295430900050FCA /* Frameworks */,
				21C873502295430900050FCA /* Resources */,
			);
			buildRules = (
			);
			dependencies = (
				21C873542295430900050FCA /* PBXTargetDependency */,
			);
			name = MyProject1Tests;
			productName = MyProject1Tests;
			productReference = 21C873522295430900050FCA /* MyProject1Tests.xctest */;
			productType = "com.apple.product-type.bundle.unit-test";
		};
		21C8735C2295430900050FCA /* MyProject1UITests */ = {
			isa = PBXNativeTarget;
			buildConfigurationList = 21C8736C2295430900050FCA /* Build configuration list for PBXNativeTarget "MyProject1UITests" */;
			buildPhases = (
				21C873592295430900050FCA /* Sources */,
				21C8735A2295430900050FCA /* Frameworks */,
				21C8735B2295430900050FCA /* Resources */,
			);
			buildRules = (
			);
			dependencies = (
				21C8735F2295430900050FCA /* PBXTargetDependency */,
			);
			name = MyProject1UITests;
			productName = MyProject1UITests;
			productReference = 21C8735D2295430900050FCA /* MyProject1UITests.xctest */;
			productType = "com.apple.product-type.bundle.ui-testing";
		};
/* End PBXNativeTarget section */

/* Begin PBXProject section */
		21C873362295430800050FCA /* Project object */ = {
			isa = PBXProject;
			attributes = {
				LastSwiftUpdateCheck = 1020;
				LastUpgradeCheck = 1020;
				ORGANIZATIONNAME = sal;
				TargetAttributes = {
					21C8733D2295430800050FCA = {
						CreatedOnToolsVersion = 10.2.1;
					};
					21C873512295430900050FCA = {
						CreatedOnToolsVersion = 10.2.1;
						TestTargetID = 21C8733D2295430800050FCA;
					};
					21C8735C2295430900050FCA = {
						CreatedOnToolsVersion = 10.2.1;
						TestTargetID = 21C8733D2295430800050FCA;
					};
				};
			};
			buildConfigurationList = 21C873392295430800050FCA /* Build configuration list for PBXProject "MyProject1" */;
			compatibilityVersion = "Xcode 9.3";
			developmentRegion = en;
			hasScannedForEncodings = 0;
			knownRegions = (
				en,
				Base,
			);
			mainGroup = 21C873352295430800050FCA;
			productRefGroup = 21C8733F2295430800050FCA /* Products */;
			projectDirPath = "";
			projectRoot = "";
			targets = (
				21C8733D2295430800050FCA /* MyProject1 */,
				21C873512295430900050FCA /* MyProject1Tests */,
				21C8735C2295430900050FCA /* MyProject1UITests */,
			);
		};
/* End PBXProject section */

/* Begin PBXResourcesBuildPhase section */
		21C8733C2295430800050FCA /* Resources */ = {
			isa = PBXResourcesBuildPhase;
			buildActionMask = 2147483647;
			files = (
				21C8734C2295430900050FCA /* LaunchScreen.storyboard in Resources */,
				21C873492295430900050FCA /* Assets.xcassets in Resources */,
				21C873472295430800050FCA /* Main.storyboard in Resources */,
			);
			runOnlyForDeploymentPostprocessing = 0;
		};
		21C873502295430900050FCA /* Resources */ = {
			isa = PBXResourcesBuildPhase;
			buildActionMask = 2147483647;
			files = (
			);
			runOnlyForDeploymentPostprocessing = 0;
		};
		21C8735B2295430900050FCA /* Resources */ = {
			isa = PBXResourcesBuildPhase;
			buildActionMask = 2147483647;
			files = (
			);
			runOnlyForDeploymentPostprocessing = 0;
		};
/* End PBXResourcesBuildPhase section */

/* Begin PBXSourcesBuildPhase section */
		21C8733A2295430800050FCA /* Sources */ = {
			isa = PBXSourcesBuildPhase;
			buildActionMask = 2147483647;
			files = (
				21C873442295430800050FCA /* ViewController.swift in Sources */,
				21C873422295430800050FCA /* AppDelegate.swift in Sources */,
			);
			runOnlyForDeploymentPostprocessing = 0;
		};
		21C8734E2295430900050FCA /* Sources */ = {
			isa = PBXSourcesBuildPhase;
			buildActionMask = 2147483647;
			files = (
				21C873572295430900050FCA /* MyProject1Tests.swift in Sources */,
			);
			runOnlyForDeploymentPostprocessing = 0;
		};
		21C873592295430900050FCA /* Sources */ = {
			isa = PBXSourcesBuildPhase;
			buildActionMask = 2147483647;
			files = (
				21C873622295430900050FCA /* MyProject1UITests.swift in Sources */,
			);
			runOnlyForDeploymentPostprocessing = 0;
		};
/* End PBXSourcesBuildPhase section */

/* Begin PBXTargetDependency section */
		21C873542295430900050FCA /* PBXTargetDependency */ = {
			isa = PBXTargetDependency;
			target = 21C8733D2295430800050FCA /* MyProject1 */;
			targetProxy = 21C873532295430900050FCA /* PBXContainerItemProxy */;
		};
		21C8735F2295430900050FCA /* PBXTargetDependency */ = {
			isa = PBXTargetDependency;
			target = 21C8733D2295430800050FCA /* MyProject1 */;
			targetProxy = 21C8735E2295430900050FCA /* PBXContainerItemProxy */;
		};
/* End PBXTargetDependency section */

/* Begin PBXVariantGroup section */
		21C873452295430800050FCA /* Main.storyboard */ = {
			isa = PBXVariantGroup;
			children = (
				21C873462295430800050FCA /* Base */,
			);
			name = Main.storyboard;
			sourceTree = "<group>";
		};
		21C8734A2295430900050FCA /* LaunchScreen.storyboard */ = {
			isa = PBXVariantGroup;
			children = (
				21C8734B2295430900050FCA /* Base */,
			);
			name = LaunchScreen.storyboard;
			sourceTree = "<group>";
		};
/* End PBXVariantGroup section */

/* Begin XCBuildConfiguration section */
		21C873642295430900050FCA /* Debug */ = {
			isa = XCBuildConfiguration;
			buildSettings = {
				ALWAYS_SEARCH_USER_PATHS = NO;
				CLANG_ANALYZER_NONNULL = YES;
				CLANG_ANALYZER_NUMBER_OBJECT_CONVERSION = YES_AGGRESSIVE;
				CLANG_CXX_LANGUAGE_STANDARD = "gnu++14";
				CLANG_CXX_LIBRARY = "libc++";
				CLANG_ENABLE_MODULES = YES;
				CLANG_ENABLE_OBJC_ARC = YES;
				CLANG_ENABLE_OBJC_WEAK = YES;
				CLANG_WARN_BLOCK_CAPTURE_AUTORELEASING = YES;
				CLANG_WARN_BOOL_CONVERSION = YES;
				CLANG_WARN_COMMA = YES;
				CLANG_WARN_CONSTANT_CONVERSION = YES;
				CLANG_WARN_DEPRECATED_OBJC_IMPLEMENTATIONS = YES;
				CLANG_WARN_DIRECT_OBJC_ISA_USAGE = YES_ERROR;
				CLANG_WARN_DOCUMENTATION_COMMENTS = YES;
				CLANG_WARN_EMPTY_BODY = YES;
				CLANG_WARN_ENUM_CONVERSION = YES;
				CLANG_WARN_INFINITE_RECURSION = YES;
				CLANG_WARN_INT_CONVERSION = YES;
				CLANG_WARN_NON_LITERAL_NULL_CONVERSION = YES;
				CLANG_WARN_OBJC_IMPLICIT_RETAIN_SELF = YES;
				CLANG_WARN_OBJC_LITERAL_CONVERSION = YES;
				CLANG_WARN_OBJC_ROOT_CLASS = YES_ERROR;
				CLANG_WARN_RANGE_LOOP_ANALYSIS = YES;
				CLANG_WARN_STRICT_PROTOTYPES = YES;
				CLANG_WARN_SUSPICIOUS_MOVE = YES;
				CLANG_WARN_UNGUARDED_AVAILABILITY = YES_AGGRESSIVE;
				CLANG_WARN_UNREACHABLE_CODE = YES;
				CLANG_WARN__DUPLICATE_METHOD_MATCH = YES;
				CODE_SIGN_IDENTITY = "iPhone Developer";
				COPY_PHASE_STRIP = NO;
				DEBUG_INFORMATION_FORMAT = dwarf;
				ENABLE_STRICT_OBJC_MSGSEND = YES;
				ENABLE_TESTABILITY = YES;
				GCC_C_LANGUAGE_STANDARD = gnu11;
				GCC_DYNAMIC_NO_PIC = NO;
				GCC_NO_COMMON_BLOCKS = YES;
				GCC_OPTIMIZATION_LEVEL = 0;
				GCC_PREPROCESSOR_DEFINITIONS = (
					"DEBUG=1",
					"$(inherited)",
				);
				GCC_WARN_64_TO_32_BIT_CONVERSION = YES;
				GCC_WARN_ABOUT_RETURN_TYPE = YES_ERROR;
				GCC_WARN_UNDECLARED_SELECTOR = YES;
				GCC_WARN_UNINITIALIZED_AUTOS = YES_AGGRESSIVE;
				GCC_WARN_UNUSED_FUNCTION = YES;
				GCC_WARN_UNUSED_VARIABLE = YES;
				IPHONEOS_DEPLOYMENT_TARGET = 12.2;
				MTL_ENABLE_DEBUG_INFO = INCLUDE_SOURCE;
				MTL_FAST_MATH = YES;
				ONLY_ACTIVE_ARCH = YES;
				SDKROOT = iphoneos;
				SWIFT_ACTIVE_COMPILATION_CONDITIONS = DEBUG;
				SWIFT_OPTIMIZATION_LEVEL = "-Onone";
			};
			name = Debug;
		};
		21C873652295430900050FCA /* Release */ = {
			isa = XCBuildConfiguration;
			buildSettings = {
				ALWAYS_SEARCH_USER_PATHS = NO;
				CLANG_ANALYZER_NONNULL = YES;
				CLANG_ANALYZER_NUMBER_OBJECT_CONVERSION = YES_AGGRESSIVE;
				CLANG_CXX_LANGUAGE_STANDARD = "gnu++14";
				CLANG_CXX_LIBRARY = "libc++";
				CLANG_ENABLE_MODULES = YES;
				CLANG_ENABLE_OBJC_ARC = YES;
				CLANG_ENABLE_OBJC_WEAK = YES;
				CLANG_WARN_BLOCK_CAPTURE_AUTORELEASING = YES;
				CLANG_WARN_BOOL_CONVERSION = YES;
				CLANG_WARN_COMMA = YES;
				CLANG_WARN_CONSTANT_CONVERSION = YES;
				CLANG_WARN_DEPRECATED_OBJC_IMPLEMENTATIONS = YES;
				CLANG_WARN_DIRECT_OBJC_ISA_USAGE = YES_ERROR;
				CLANG_WARN_DOCUMENTATION_COMMENTS = YES;
				CLANG_WARN_EMPTY_BODY = YES;
				CLANG_WARN_ENUM_CONVERSION = YES;
				CLANG_WARN_INFINITE_RECURSION = YES;
				CLANG_WARN_INT_CONVERSION = YES;
				CLANG_WARN_NON_LITERAL_NULL_CONVERSION = YES;
				CLANG_WARN_OBJC_IMPLICIT_RETAIN_SELF = YES;
				CLANG_WARN_OBJC_LITERAL_CONVERSION = YES;
				CLANG_WARN_OBJC_ROOT_CLASS = YES_ERROR;
				CLANG_WARN_RANGE_LOOP_ANALYSIS = YES;
				CLANG_WARN_STRICT_PROTOTYPES = YES;
				CLANG_WARN_SUSPICIOUS_MOVE = YES;
				CLANG_WARN_UNGUARDED_AVAILABILITY = YES_AGGRESSIVE;
				CLANG_WARN_UNREACHABLE_CODE = YES;
				CLANG_WARN__DUPLICATE_METHOD_MATCH = YES;
				CODE_SIGN_IDENTITY = "iPhone Developer";
				COPY_PHASE_STRIP = NO;
				DEBUG_INFORMATION_FORMAT = "dwarf-with-dsym";
				ENABLE_NS_ASSERTIONS = NO;
				ENABLE_STRICT_OBJC_MSGSEND = YES;
				GCC_C_LANGUAGE_STANDARD = gnu11;
				GCC_NO_COMMON_BLOCKS = YES;
				GCC_WARN_64_TO_32_BIT_CONVERSION = YES;
				GCC_WARN_ABOUT_RETURN_TYPE = YES_ERROR;
				GCC_WARN_UNDECLARED_SELECTOR = YES;
				GCC_WARN_UNINITIALIZED_AUTOS = YES_AGGRESSIVE;
				GCC_WARN_UNUSED_FUNCTION = YES;
				GCC_WARN_UNUSED_VARIABLE = YES;
				IPHONEOS_DEPLOYMENT_TARGET = 12.2;
				MTL_ENABLE_DEBUG_INFO = NO;
				MTL_FAST_MATH = YES;
				SDKROOT = iphoneos;
				SWIFT_COMPILATION_MODE = wholemodule;
				SWIFT_OPTIMIZATION_LEVEL = "-O";
				VALIDATE_PRODUCT = YES;
			};
			name = Release;
		};
		21C873672295430900050FCA /* Debug */ = {
			isa = XCBuildConfiguration;
			buildSettings = {
				ASSETCATALOG_COMPILER_APPICON_NAME = AppIcon;
				CODE_SIGN_STYLE = Automatic;
				DEVELOPMENT_TEAM = P6Z59936Y2;
				INFOPLIST_FILE = MyProject1/Info.plist;
				LD_RUNPATH_SEARCH_PATHS = (
					"$(inherited)",
					"@executable_path/Frameworks",
				);
				PRODUCT_BUNDLE_IDENTIFIER = jp.ad.wide.sfc.keio.MyProject1;
				PRODUCT_NAME = "$(TARGET_NAME)";
				SWIFT_VERSION = 5.0;
				TARGETED_DEVICE_FAMILY = "1,2";
			};
			name = Debug;
		};
		21C873682295430900050FCA /* Release */ = {
			isa = XCBuildConfiguration;
			buildSettings = {
				ASSETCATALOG_COMPILER_APPICON_NAME = AppIcon;
				CODE_SIGN_STYLE = Automatic;
				DEVELOPMENT_TEAM = P6Z59936Y2;
				INFOPLIST_FILE = MyProject1/Info.plist;
				LD_RUNPATH_SEARCH_PATHS = (
					"$(inherited)",
					"@executable_path/Frameworks",
				);
				PRODUCT_BUNDLE_IDENTIFIER = jp.ad.wide.sfc.keio.MyProject1;
				PRODUCT_NAME = "$(TARGET_NAME)";
				SWIFT_VERSION = 5.0;
				TARGETED_DEVICE_FAMILY = "1,2";
			};
			name = Release;
		};
		21C8736A2295430900050FCA /* Debug */ = {
			isa = XCBuildConfiguration;
			buildSettings = {
				ALWAYS_EMBED_SWIFT_STANDARD_LIBRARIES = YES;
				BUNDLE_LOADER = "$(TEST_HOST)";
				CODE_SIGN_STYLE = Automatic;
				DEVELOPMENT_TEAM = P6Z59936Y2;
				INFOPLIST_FILE = MyProject1Tests/Info.plist;
				LD_RUNPATH_SEARCH_PATHS = (
					"$(inherited)",
					"@executable_path/Frameworks",
					"@loader_path/Frameworks",
				);
				PRODUCT_BUNDLE_IDENTIFIER = jp.ad.wide.sfc.keio.MyProject1Tests;
				PRODUCT_NAME = "$(TARGET_NAME)";
				SWIFT_VERSION = 5.0;
				TARGETED_DEVICE_FAMILY = "1,2";
				TEST_HOST = "$(BUILT_PRODUCTS_DIR)/MyProject1.app/MyProject1";
			};
			name = Debug;
		};
		21C8736B2295430900050FCA /* Release */ = {
			isa = XCBuildConfiguration;
			buildSettings = {
				ALWAYS_EMBED_SWIFT_STANDARD_LIBRARIES = YES;
				BUNDLE_LOADER = "$(TEST_HOST)";
				CODE_SIGN_STYLE = Automatic;
				DEVELOPMENT_TEAM = P6Z59936Y2;
				INFOPLIST_FILE = MyProject1Tests/Info.plist;
				LD_RUNPATH_SEARCH_PATHS = (
					"$(inherited)",
					"@executable_path/Frameworks",
					"@loader_path/Frameworks",
				);
				PRODUCT_BUNDLE_IDENTIFIER = jp.ad.wide.sfc.keio.MyProject1Tests;
				PRODUCT_NAME = "$(TARGET_NAME)";
				SWIFT_VERSION = 5.0;
				TARGETED_DEVICE_FAMILY = "1,2";
				TEST_HOST = "$(BUILT_PRODUCTS_DIR)/MyProject1.app/MyProject1";
			};
			name = Release;
		};
		21C8736D2295430900050FCA /* Debug */ = {
			isa = XCBuildConfiguration;
			buildSettings = {
				ALWAYS_EMBED_SWIFT_STANDARD_LIBRARIES = YES;
				CODE_SIGN_STYLE = Automatic;
				DEVELOPMENT_TEAM = P6Z59936Y2;
				INFOPLIST_FILE = MyProject1UITests/Info.plist;
				LD_RUNPATH_SEARCH_PATHS = (
					"$(inherited)",
					"@executable_path/Frameworks",
					"@loader_path/Frameworks",
				);
				PRODUCT_BUNDLE_IDENTIFIER = jp.ad.wide.sfc.keio.MyProject1UITests;
				PRODUCT_NAME = "$(TARGET_NAME)";
				SWIFT_VERSION = 5.0;
				TARGETED_DEVICE_FAMILY = "1,2";
				TEST_TARGET_NAME = MyProject1;
			};
			name = Debug;
		};
		21C8736E2295430900050FCA /* Release */ = {
			isa = XCBuildConfiguration;
			buildSettings = {
				ALWAYS_EMBED_SWIFT_STANDARD_LIBRARIES = YES;
				CODE_SIGN_STYLE = Automatic;
				DEVELOPMENT_TEAM = P6Z59936Y2;
				INFOPLIST_FILE = MyProject1UITests/Info.plist;
				LD_RUNPATH_SEARCH_PATHS = (
					"$(inherited)",
					"@executable_path/Frameworks",
					"@loader_path/Frameworks",
				);
				PRODUCT_BUNDLE_IDENTIFIER = jp.ad.wide.sfc.keio.MyProject1UITests;
				PRODUCT_NAME = "$(TARGET_NAME)";
				SWIFT_VERSION = 5.0;
				TARGETED_DEVICE_FAMILY = "1,2";
				TEST_TARGET_NAME = MyProject1;
			};
			name = Release;
		};
/* End XCBuildConfiguration section */

/* Begin XCConfigurationList section */
		21C873392295430800050FCA /* Build configuration list for PBXProject "MyProject1" */ = {
			isa = XCConfigurationList;
			buildConfigurations = (
				21C873642295430900050FCA /* Debug */,
				21C873652295430900050FCA /* Release */,
			);
			defaultConfigurationIsVisible = 0;
			defaultConfigurationName = Release;
		};
		21C873662295430900050FCA /* Build configuration list for PBXNativeTarget "MyProject1" */ = {
			isa = XCConfigurationList;
			buildConfigurations = (
				21C873672295430900050FCA /* Debug */,
				21C873682295430900050FCA /* Release */,
			);
			defaultConfigurationIsVisible = 0;
			defaultConfigurationName = Release;
		};
		21C873692295430900050FCA /* Build configuration list for PBXNativeTarget "MyProject1Tests" */ = {
			isa = XCConfigurationList;
			buildConfigurations = (
				21C8736A2295430900050FCA /* Debug */,
				21C8736B2295430900050FCA /* Release */,
			);
			defaultConfigurationIsVisible = 0;
			defaultConfigurationName = Release;
		};
		21C8736C2295430900050FCA /* Build configuration list for PBXNativeTarget "MyProject1UITests" */ = {
			isa = XCConfigurationList;
			buildConfigurations = (
				21C8736D2295430900050FCA /* Debug */,
				21C8736E2295430900050FCA /* Release */,
			);
			defaultConfigurationIsVisible = 0;
			defaultConfigurationName = Release;
		};
/* End XCConfigurationList section */
	};
	rootObject = 21C873362295430800050FCA /* Project object */;
}
